{
    "name": "SuperAdmin",
    "version": "9.0.0",
    "lockfileVersion": 2,
    "requires": true,
    "packages": {
        "": {
            "name": "SuperAdmin",
            "version": "9.0.0",
            "license": "MIT",
            "dependencies": {
                "@bud-tools/total4": "latest"
            }
        },
        "node_modules/@bud-tools/total4": {
            "version": "0.0.1",
            "resolved": "https://registry.npmjs.org/@bud-tools/total4/-/total4-0.0.1.tgz",
            "integrity": "sha512-XGPH0J1yfidDNm7aiNFM1gbVxZlZO044A6Xn8Ekxxuuq/Uhmk0xczLibj81QHjCrK9ibzaWz6hr05DGw5/OBTg==",
            "bin": {
                "total4": "bin/total4"
            }
        }
    },
    "dependencies": {
        "@bud-tools/total4": {
            "version": "0.0.1",
            "resolved": "https://registry.npmjs.org/@bud-tools/total4/-/total4-0.0.1.tgz",
            "integrity": "sha512-XGPH0J1yfidDNm7aiNFM1gbVxZlZO044A6Xn8Ekxxuuq/Uhmk0xczLibj81QHjCrK9ibzaWz6hr05DGw5/OBTg=="
        }
    }
}
